{
  "name": "23andme-bad-snips",
  "lockfileVersion": 2,
  "requires": true,
  "packages": {
    "": {
      "dependencies": {
        "wikijs": "^6.3.3"
      }
    },
    "node_modules/camelcase": {
      "version": "4.1.0",
      "resolved": "https://registry.npmjs.org/camelcase/-/camelcase-4.1.0.tgz",
      "integrity": "sha1-1UVjW+HjPFQmScaRc+Xeas+uNN0=",
      "engines": {
        "node": ">=4"
      }
    },
    "node_modules/cross-fetch": {
      "version": "3.1.4",
      "resolved": "https://registry.npmjs.org/cross-fetch/-/cross-fetch-3.1.4.tgz",
      "integrity": "sha512-1eAtFWdIubi6T4XPy6ei9iUFoKpUkIF971QLN8lIvvvwueI65+Nw5haMNKUwfJxabqlIIDODJKGrQ66gxC0PbQ==",
      "dependencies": {
        "node-fetch": "2.6.1"
      }
    },
    "node_modules/hyntax": {
      "version": "1.1.9",
      "resolved": "https://registry.npmjs.org/hyntax/-/hyntax-1.1.9.tgz",
      "integrity": "sha512-xjxyDLbVDdLgjPnl4NM+Iu6il3UPmk6PNCBXruQKeuKDc/HtaZx1hk1AtMgw3vsn9YnLZRfoBpPxYMXcoT5KAA==",
      "engines": {
        "node": ">=6.11.1",
        "npm": ">=5.3.0"
      }
    },
    "node_modules/infobox-parser": {
      "version": "3.6.2",
      "resolved": "https://registry.npmjs.org/infobox-parser/-/infobox-parser-3.6.2.tgz",
      "integrity": "sha512-lasdwvbtjCtDDO6mArAs/ueFEnBJRyo2UbZPAkd5rEG5NVJ3XFCOvbMwNTT/rJlFv1+ORw8D3UvZV4brpgATCg==",
      "dependencies": {
        "camelcase": "^4.1.0"
      },
      "funding": {
        "type": "individual",
        "url": "https://www.buymeacoffee.com/2tmRKi9"
      }
    },
    "node_modules/node-fetch": {
      "version": "2.6.1",
      "resolved": "https://registry.npmjs.org/node-fetch/-/node-fetch-2.6.1.tgz",
      "integrity": "sha512-V4aYg89jEoVRxRb2fJdAg8FHvI7cEyYdVAh94HH0UIK8oJxUfkjlDQN9RbMx+bEjP7+ggMiFRprSti032Oipxw==",
      "engines": {
        "node": "4.x || >=6.0.0"
      }
    },
    "node_modules/wikijs": {
      "version": "6.3.3",
      "resolved": "https://registry.npmjs.org/wikijs/-/wikijs-6.3.3.tgz",
      "integrity": "sha512-pYVaUuJyTd7VO2aNxbdN341zgio+QuGdc6HC3jyQqakyaLJdOD8Shj+bs7lnZnhv/wml2u+C+OME9YUkck06Cg==",
      "dependencies": {
        "cross-fetch": "^3.0.2",
        "hyntax": "^1.1.9",
        "infobox-parser": "3.6.2"
      },
      "engines": {
        "node": ">=0.10.4"
      },
      "funding": {
        "type": "individual",
        "url": "https://www.buymeacoffee.com/2tmRKi9"
      }
    }
  },
  "dependencies": {
    "camelcase": {
      "version": "4.1.0",
      "resolved": "https://registry.npmjs.org/camelcase/-/camelcase-4.1.0.tgz",
      "integrity": "sha1-1UVjW+HjPFQmScaRc+Xeas+uNN0="
    },
    "cross-fetch": {
      "version": "3.1.4",
      "resolved": "https://registry.npmjs.org/cross-fetch/-/cross-fetch-3.1.4.tgz",
      "integrity": "sha512-1eAtFWdIubi6T4XPy6ei9iUFoKpUkIF971QLN8lIvvvwueI65+Nw5haMNKUwfJxabqlIIDODJKGrQ66gxC0PbQ==",
      "requires": {
        "node-fetch": "2.6.1"
      }
    },
    "hyntax": {
      "version": "1.1.9",
      "resolved": "https://registry.npmjs.org/hyntax/-/hyntax-1.1.9.tgz",
      "integrity": "sha512-xjxyDLbVDdLgjPnl4NM+Iu6il3UPmk6PNCBXruQKeuKDc/HtaZx1hk1AtMgw3vsn9YnLZRfoBpPxYMXcoT5KAA=="
    },
    "infobox-parser": {
      "version": "3.6.2",
      "resolved": "https://registry.npmjs.org/infobox-parser/-/infobox-parser-3.6.2.tgz",
      "integrity": "sha512-lasdwvbtjCtDDO6mArAs/ueFEnBJRyo2UbZPAkd5rEG5NVJ3XFCOvbMwNTT/rJlFv1+ORw8D3UvZV4brpgATCg==",
      "requires": {
        "camelcase": "^4.1.0"
      }
    },
    "node-fetch": {
      "version": "2.6.1",
      "resolved": "https://registry.npmjs.org/node-fetch/-/node-fetch-2.6.1.tgz",
      "integrity": "sha512-V4aYg89jEoVRxRb2fJdAg8FHvI7cEyYdVAh94HH0UIK8oJxUfkjlDQN9RbMx+bEjP7+ggMiFRprSti032Oipxw=="
    },
    "wikijs": {
      "version": "6.3.3",
      "resolved": "https://registry.npmjs.org/wikijs/-/wikijs-6.3.3.tgz",
      "integrity": "sha512-pYVaUuJyTd7VO2aNxbdN341zgio+QuGdc6HC3jyQqakyaLJdOD8Shj+bs7lnZnhv/wml2u+C+OME9YUkck06Cg==",
      "requires": {
        "cross-fetch": "^3.0.2",
        "hyntax": "^1.1.9",
        "infobox-parser": "3.6.2"
      }
    }
  }
}
